%{
  "bunch": {:hex, :bunch, "1.1.0", "bf9ca22c788ad4f486afb4d6d5e1211ab09cbee473c5cf370e6e550b1df4bc4b", [:mix], [], "hexpm", "8296385f70cc713f7bffbe467c29679a9ac8e0f2cbe114ebb537bd4edf50dd82"},
  "bunch_native": {:hex, :bunch_native, "0.2.0", "287a1e3af526df95f3e623faea1c67a7efb4d78ffb827c7a9018ae7528adc29f", [:mix], [{:bundlex, "~> 0.2.0", [hex: :bundlex, repo: "hexpm", optional: false]}], "hexpm", "62c84aa58b60da122c7f3a6d6e8b4ba8e7a01fae69aaa68601ec156f648d54ee"},
  "bundlex": {:hex, :bundlex, "0.2.4", "9f17db615f342f0888c6adaeb350ed88b386aed2b2599a9ab9859e83bf11cf53", [:mix], [{:bunch, "~> 1.0", [hex: :bunch, repo: "hexpm", optional: false]}, {:qex, "~> 0.5", [hex: :qex, repo: "hexpm", optional: false]}, {:secure_random, "~> 0.5", [hex: :secure_random, repo: "hexpm", optional: false]}], "hexpm", "c45e5b524456791178b7d5c897203e1ce333ddf7b838d5697c18465c932c1107"},
  "earmark": {:hex, :earmark, "1.3.1", "73812f447f7a42358d3ba79283cfa3075a7580a3a2ed457616d6517ac3738cb9", [:mix], [], "hexpm", "000aaeff08919e95e7aea13e4af7b2b9734577b3e6a7c50ee31ee88cab6ec4fb"},
  "ex_doc": {:hex, :ex_doc, "0.19.3", "3c7b0f02851f5fc13b040e8e925051452e41248f685e40250d7e40b07b9f8c10", [:mix], [{:earmark, "~> 1.2", [hex: :earmark, repo: "hexpm", optional: false]}, {:makeup_elixir, "~> 0.10", [hex: :makeup_elixir, repo: "hexpm", optional: false]}], "hexpm", "0e11d67e662142fc3945b0ee410c73c8c956717fbeae4ad954b418747c734973"},
  "makeup": {:hex, :makeup, "0.8.0", "9cf32aea71c7fe0a4b2e9246c2c4978f9070257e5c9ce6d4a28ec450a839b55f", [:mix], [{:nimble_parsec, "~> 0.5.0", [hex: :nimble_parsec, repo: "hexpm", optional: false]}], "hexpm", "5fbc8e549aa9afeea2847c0769e3970537ed302f93a23ac612602e805d9d1e7f"},
  "makeup_elixir": {:hex, :makeup_elixir, "0.13.0", "be7a477997dcac2e48a9d695ec730b2d22418292675c75aa2d34ba0909dcdeda", [:mix], [{:makeup, "~> 0.8", [hex: :makeup, repo: "hexpm", optional: false]}], "hexpm", "adf0218695e22caeda2820eaba703fa46c91820d53813a2223413da3ef4ba515"},
  "nimble_parsec": {:hex, :nimble_parsec, "0.5.0", "90e2eca3d0266e5c53f8fbe0079694740b9c91b6747f2b7e3c5d21966bba8300", [:mix], [], "hexpm", "5c040b8469c1ff1b10093d3186e2e10dbe483cd73d79ec017993fb3985b8a9b3"},
  "qex": {:hex, :qex, "0.5.0", "5a3a9becf67d4006377c4c247ffdaaa8ae5b3634a0caadb788dc24d6125068f4", [:mix], [], "hexpm", "4ad6f6421163cd8204509a119a5c9813cbb969cfb8d802a9dc49b968bffbac2a"},
  "secure_random": {:hex, :secure_random, "0.5.1", "c5532b37c89d175c328f5196a0c2a5680b15ebce3e654da37129a9fe40ebf51b", [:mix], [], "hexpm", "1b9754f15e3940a143baafd19da12293f100044df69ea12db5d72878312ae6ab"},
}
